
Microsoft Visual Studio Solution File, Format Version 12.00
# Visual Studio Version 16
VisualStudioVersion = 16.0.29215.179
MinimumVisualStudioVersion = 10.0.40219.1
Project("{FAE04EC0-301F-11D3-BF4B-00C04F79EFBC}") = "GuessAWordGUI", "GuessAWordGUI\GuessAWordGUI.csproj", "{465C688A-C1AA-4EAC-AAE9-9CAC5A398ECE}"
EndProject
Global
	GlobalSection(SolutionConfigurationPlatforms) = preSolution
		Debug|Any CPU = Debug|Any CPU
		Release|Any CPU = Release|Any CPU
	EndGlobalSection
	GlobalSection(ProjectConfigurationPlatforms) = postSolution
		{465C688A-C1AA-4EAC-AAE9-9CAC5A398ECE}.Debug|Any CPU.ActiveCfg = Debug|Any CPU
		{465C688A-C1AA-4EAC-AAE9-9CAC5A398ECE}.Debug|Any CPU.Build.0 = Debug|Any CPU
		{465C688A-C1AA-4EAC-AAE9-9CAC5A398ECE}.Release|Any CPU.ActiveCfg = Release|Any CPU
		{465C688A-C1AA-4EAC-AAE9-9CAC5A398ECE}.Release|Any CPU.Build.0 = Release|Any CPU
	EndGlobalSection
	GlobalSection(SolutionProperties) = preSolution
		HideSolutionNode = FALSE
	EndGlobalSection
	GlobalSection(ExtensibilityGlobals) = postSolution
		SolutionGuid = {78D4D865-72F8-456F-919A-44E1637D3165}
	EndGlobalSection
EndGlobal
